// !$*UTF8*$!
{
	archiveVersion = 1;
	classes = {
	};
	objectVersion = 50;
	objects = {

/* Begin PBXBuildFile section */
		07C4516523888B7200698BE2 /* Localizable.strings in Resources */ = {isa = PBXBuildFile; fileRef = 07C4516423888B7200698BE2 /* Localizable.strings */; };
		07CC6B672385D8B700951589 /* MapKit.framework in Frameworks */ = {isa = PBXBuildFile; fileRef = 07CC6B662385D8B700951589 /* MapKit.framework */; };
		4BA6E3DE2377112000802B01 /* AppDelegate.swift in Sources */ = {isa = PBXBuildFile; fileRef = 4BA6E3DD2377112000802B01 /* AppDelegate.swift */; };
		4BA6E3E02377112000802B01 /* SceneDelegate.swift in Sources */ = {isa = PBXBuildFile; fileRef = 4BA6E3DF2377112000802B01 /* SceneDelegate.swift */; };
		4BA6E3E52377112000802B01 /* Main.storyboard in Resources */ = {isa = PBXBuildFile; fileRef = 4BA6E3E32377112000802B01 /* Main.storyboard */; };
		4BA6E3E72377112100802B01 /* Assets.xcassets in Resources */ = {isa = PBXBuildFile; fileRef = 4BA6E3E62377112100802B01 /* Assets.xcassets */; };
		4BA6E3EA2377112100802B01 /* LaunchScreen.storyboard in Resources */ = {isa = PBXBuildFile; fileRef = 4BA6E3E82377112100802B01 /* LaunchScreen.storyboard */; };
		4BA6E3F52377112100802B01 /* WorldTrotterTests.swift in Sources */ = {isa = PBXBuildFile; fileRef = 4BA6E3F42377112100802B01 /* WorldTrotterTests.swift */; };
		4BA6E4002377112100802B01 /* WorldTrotterUITests.swift in Sources */ = {isa = PBXBuildFile; fileRef = 4BA6E3FF2377112100802B01 /* WorldTrotterUITests.swift */; };
		4BA6E40E2378E54B00802B01 /* ConversionViewController.swift in Sources */ = {isa = PBXBuildFile; fileRef = 4BA6E40D2378E54B00802B01 /* ConversionViewController.swift */; };
		4BD4EC002387488200A1BAD5 /* MapViewController.swift in Sources */ = {isa = PBXBuildFile; fileRef = 4BD4EBFF2387488200A1BAD5 /* MapViewController.swift */; };
/* End PBXBuildFile section */

/* Begin PBXContainerItemProxy section */
		4BA6E3F12377112100802B01 /* PBXContainerItemProxy */ = {
			isa = PBXContainerItemProxy;
			containerPortal = 4BA6E3D22377112000802B01 /* Project object */;
			proxyType = 1;
			remoteGlobalIDString = 4BA6E3D92377112000802B01;
			remoteInfo = WorldTrotter;
		};
		4BA6E3FC2377112100802B01 /* PBXContainerItemProxy */ = {
			isa = PBXContainerItemProxy;
			containerPortal = 4BA6E3D22377112000802B01 /* Project object */;
			proxyType = 1;
			remoteGlobalIDString = 4BA6E3D92377112000802B01;
			remoteInfo = WorldTrotter;
		};
/* End PBXContainerItemProxy section */

/* Begin PBXFileReference section */
		07C4516423888B7200698BE2 /* Localizable.strings */ = {isa = PBXFileReference; fileEncoding = 4; lastKnownFileType = text.plist.strings; path = Localizable.strings; sourceTree = "<group>"; };
		07CC6B662385D8B700951589 /* MapKit.framework */ = {isa = PBXFileReference; lastKnownFileType = wrapper.framework; name = MapKit.framework; path = System/Library/Frameworks/MapKit.framework; sourceTree = SDKROOT; };
		07D095072388840500496137 /* en */ = {isa = PBXFileReference; lastKnownFileType = text.plist.strings; name = en; path = en.lproj/Main.strings; sourceTree = "<group>"; };
		07D095082388849600496137 /* es */ = {isa = PBXFileReference; lastKnownFileType = text.plist.strings; name = es; path = es.lproj/Main.strings; sourceTree = "<group>"; };
		4BA6E3DA2377112000802B01 /* WorldTrotter.app */ = {isa = PBXFileReference; explicitFileType = wrapper.application; includeInIndex = 0; path = WorldTrotter.app; sourceTree = BUILT_PRODUCTS_DIR; };
		4BA6E3DD2377112000802B01 /* AppDelegate.swift */ = {isa = PBXFileReference; lastKnownFileType = sourcecode.swift; path = AppDelegate.swift; sourceTree = "<group>"; };
		4BA6E3DF2377112000802B01 /* SceneDelegate.swift */ = {isa = PBXFileReference; lastKnownFileType = sourcecode.swift; path = SceneDelegate.swift; sourceTree = "<group>"; };
		4BA6E3E42377112000802B01 /* Base */ = {isa = PBXFileReference; lastKnownFileType = file.storyboard; name = Base; path = Base.lproj/Main.storyboard; sourceTree = "<group>"; };
		4BA6E3E62377112100802B01 /* Assets.xcassets */ = {isa = PBXFileReference; lastKnownFileType = folder.assetcatalog; path = Assets.xcassets; sourceTree = "<group>"; };
		4BA6E3E92377112100802B01 /* Base */ = {isa = PBXFileReference; lastKnownFileType = file.storyboard; name = Base; path = Base.lproj/LaunchScreen.storyboard; sourceTree = "<group>"; };
		4BA6E3EB2377112100802B01 /* Info.plist */ = {isa = PBXFileReference; lastKnownFileType = text.plist.xml; path = Info.plist; sourceTree = "<group>"; };
		4BA6E3F02377112100802B01 /* WorldTrotterTests.xctest */ = {isa = PBXFileReference; explicitFileType = wrapper.cfbundle; includeInIndex = 0; path = WorldTrotterTests.xctest; sourceTree = BUILT_PRODUCTS_DIR; };
		4BA6E3F42377112100802B01 /* WorldTrotterTests.swift */ = {isa = PBXFileReference; lastKnownFileType = sourcecode.swift; path = WorldTrotterTests.swift; sourceTree = "<group>"; };
		4BA6E3F62377112100802B01 /* Info.plist */ = {isa = PBXFileReference; lastKnownFileType = text.plist.xml; path = Info.plist; sourceTree = "<group>"; };
		4BA6E3FB2377112100802B01 /* WorldTrotterUITests.xctest */ = {isa = PBXFileReference; explicitFileType = wrapper.cfbundle; includeInIndex = 0; path = WorldTrotterUITests.xctest; sourceTree = BUILT_PRODUCTS_DIR; };
		4BA6E3FF2377112100802B01 /* WorldTrotterUITests.swift */ = {isa = PBXFileReference; lastKnownFileType = sourcecode.swift; path = WorldTrotterUITests.swift; sourceTree = "<group>"; };
		4BA6E4012377112100802B01 /* Info.plist */ = {isa = PBXFileReference; lastKnownFileType = text.plist.xml; path = Info.plist; sourceTree = "<group>"; };
		4BA6E40D2378E54B00802B01 /* ConversionViewController.swift */ = {isa = PBXFileReference; lastKnownFileType = sourcecode.swift; path = ConversionViewController.swift; sourceTree = "<group>"; };
		4BD4EBFF2387488200A1BAD5 /* MapViewController.swift */ = {isa = PBXFileReference; lastKnownFileType = sourcecode.swift; path = MapViewController.swift; sourceTree = "<group>"; };
/* End PBXFileReference section */

/* Begin PBXFrameworksBuildPhase section */
		4BA6E3D72377112000802B01 /* Frameworks */ = {
			isa = PBXFrameworksBuildPhase;
			buildActionMask = 2147483647;
			files = (
				07CC6B672385D8B700951589 /* MapKit.framework in Frameworks */,
			);
			runOnlyForDeploymentPostprocessing = 0;
		};
		4BA6E3ED2377112100802B01 /* Frameworks */ = {
			isa = PBXFrameworksBuildPhase;
			buildActionMask = 2147483647;
			files = (
			);
			runOnlyForDeploymentPostprocessing = 0;
		};
		4BA6E3F82377112100802B01 /* Frameworks */ = {
			isa = PBXFrameworksBuildPhase;
			buildActionMask = 2147483647;
			files = (
			);
			runOnlyForDeploymentPostprocessing = 0;
		};
/* End PBXFrameworksBuildPhase section */

/* Begin PBXGroup section */
		07CC6B652385D8B100951589 /* Frameworks */ = {
			isa = PBXGroup;
			children = (
				07CC6B662385D8B700951589 /* MapKit.framework */,
			);
			name = Frameworks;
			sourceTree = "<group>";
		};
		4BA6E3D12377112000802B01 = {
			isa = PBXGroup;
			children = (
				4BA6E3DC2377112000802B01 /* WorldTrotter */,
				4BA6E3F32377112100802B01 /* WorldTrotterTests */,
				4BA6E3FE2377112100802B01 /* WorldTrotterUITests */,
				4BA6E3DB2377112000802B01 /* Products */,
				07CC6B652385D8B100951589 /* Frameworks */,
			);
			sourceTree = "<group>";
		};
		4BA6E3DB2377112000802B01 /* Products */ = {
			isa = PBXGroup;
			children = (
				4BA6E3DA2377112000802B01 /* WorldTrotter.app */,
				4BA6E3F02377112100802B01 /* WorldTrotterTests.xctest */,
				4BA6E3FB2377112100802B01 /* WorldTrotterUITests.xctest */,
			);
			name = Products;
			sourceTree = "<group>";
		};
		4BA6E3DC2377112000802B01 /* WorldTrotter */ = {
			isa = PBXGroup;
			children = (
				4BA6E3DD2377112000802B01 /* AppDelegate.swift */,
				4BA6E3DF2377112000802B01 /* SceneDelegate.swift */,
				4BA6E3E32377112000802B01 /* Main.storyboard */,
				4BA6E3E62377112100802B01 /* Assets.xcassets */,
				4BA6E3E82377112100802B01 /* LaunchScreen.storyboard */,
				4BA6E3EB2377112100802B01 /* Info.plist */,
				4BA6E40D2378E54B00802B01 /* ConversionViewController.swift */,
				4BD4EBFF2387488200A1BAD5 /* MapViewController.swift */,
				07C4516423888B7200698BE2 /* Localizable.strings */,
			);
			path = WorldTrotter;
			sourceTree = "<group>";
		};
		4BA6E3F32377112100802B01 /* WorldTrotterTests */ = {
			isa = PBXGroup;
			children = (
				4BA6E3F42377112100802B01 /* WorldTrotterTests.swift */,
				4BA6E3F62377112100802B01 /* Info.plist */,
			);
			path = WorldTrotterTests;
			sourceTree = "<group>";
		};
		4BA6E3FE2377112100802B01 /* WorldTrotterUITests */ = {
			isa = PBXGroup;
			children = (
				4BA6E3FF2377112100802B01 /* WorldTrotterUITests.swift */,
				4BA6E4012377112100802B01 /* Info.plist */,
			);
			path = WorldTrotterUITests;
			sourceTree = "<group>";
		};
/* End PBXGroup section */

/* Begin PBXNativeTarget section */
		4BA6E3D92377112000802B01 /* WorldTrotter */ = {
			isa = PBXNativeTarget;
			buildConfigurationList = 4BA6E4042377112100802B01 /* Build configuration list for PBXNativeTarget "WorldTrotter" */;
			buildPhases = (
				4BA6E3D62377112000802B01 /* Sources */,
				4BA6E3D72377112000802B01 /* Frameworks */,
				4BA6E3D82377112000802B01 /* Resources */,
			);
			buildRules = (
			);
			dependencies = (
			);
			name = WorldTrotter;
			productName = WorldTrotter;
			productReference = 4BA6E3DA2377112000802B01 /* WorldTrotter.app */;
			productType = "com.apple.product-type.application";
		};
		4BA6E3EF2377112100802B01 /* WorldTrotterTests */ = {
			isa = PBXNativeTarget;
			buildConfigurationList = 4BA6E4072377112100802B01 /* Build configuration list for PBXNativeTarget "WorldTrotterTests" */;
			buildPhases = (
				4BA6E3EC2377112100802B01 /* Sources */,
				4BA6E3ED2377112100802B01 /* Frameworks */,
				4BA6E3EE2377112100802B01 /* Resources */,
			);
			buildRules = (
			);
			dependencies = (
				4BA6E3F22377112100802B01 /* PBXTargetDependency */,
			);
			name = WorldTrotterTests;
			productName = WorldTrotterTests;
			productReference = 4BA6E3F02377112100802B01 /* WorldTrotterTests.xctest */;
			productType = "com.apple.product-type.bundle.unit-test";
		};
		4BA6E3FA2377112100802B01 /* WorldTrotterUITests */ = {
			isa = PBXNativeTarget;
			buildConfigurationList = 4BA6E40A2377112100802B01 /* Build configuration list for PBXNativeTarget "WorldTrotterUITests" */;
			buildPhases = (
				4BA6E3F72377112100802B01 /* Sources */,
				4BA6E3F82377112100802B01 /* Frameworks */,
				4BA6E3F92377112100802B01 /* Resources */,
			);
			buildRules = (
			);
			dependencies = (
				4BA6E3FD2377112100802B01 /* PBXTargetDependency */,
			);
			name = WorldTrotterUITests;
			productName = WorldTrotterUITests;
			productReference = 4BA6E3FB2377112100802B01 /* WorldTrotterUITests.xctest */;
			productType = "com.apple.product-type.bundle.ui-testing";
		};
/* End PBXNativeTarget section */

/* Begin PBXProject section */
		4BA6E3D22377112000802B01 /* Project object */ = {
			isa = PBXProject;
			attributes = {
				LastSwiftUpdateCheck = 1110;
				LastUpgradeCheck = 1110;
				ORGANIZATIONNAME = MakingDevs;
				TargetAttributes = {
					4BA6E3D92377112000802B01 = {
						CreatedOnToolsVersion = 11.1;
					};
					4BA6E3EF2377112100802B01 = {
						CreatedOnToolsVersion = 11.1;
						TestTargetID = 4BA6E3D92377112000802B01;
					};
					4BA6E3FA2377112100802B01 = {
						CreatedOnToolsVersion = 11.1;
						TestTargetID = 4BA6E3D92377112000802B01;
					};
				};
			};
			buildConfigurationList = 4BA6E3D52377112000802B01 /* Build configuration list for PBXProject "WorldTrotter" */;
			compatibilityVersion = "Xcode 9.3";
			developmentRegion = en;
			hasScannedForEncodings = 0;
			knownRegions = (
				en,
				Base,
				es,
			);
			mainGroup = 4BA6E3D12377112000802B01;
			productRefGroup = 4BA6E3DB2377112000802B01 /* Products */;
			projectDirPath = "";
			projectRoot = "";
			targets = (
				4BA6E3D92377112000802B01 /* WorldTrotter */,
				4BA6E3EF2377112100802B01 /* WorldTrotterTests */,
				4BA6E3FA2377112100802B01 /* WorldTrotterUITests */,
			);
		};
/* End PBXProject section */

/* Begin PBXResourcesBuildPhase section */
		4BA6E3D82377112000802B01 /* Resources */ = {
			isa = PBXResourcesBuildPhase;
			buildActionMask = 2147483647;
			files = (
				4BA6E3EA2377112100802B01 /* LaunchScreen.storyboard in Resources */,
				07C4516523888B7200698BE2 /* Localizable.strings in Resources */,
				4BA6E3E72377112100802B01 /* Assets.xcassets in Resources */,
				4BA6E3E52377112000802B01 /* Main.storyboard in Resources */,
			);
			runOnlyForDeploymentPostprocessing = 0;
		};
		4BA6E3EE2377112100802B01 /* Resources */ = {
			isa = PBXResourcesBuildPhase;
			buildActionMask = 2147483647;
			files = (
			);
			runOnlyForDeploymentPostprocessing = 0;
		};
		4BA6E3F92377112100802B01 /* Resources */ = {
			isa = PBXResourcesBuildPhase;
			buildActionMask = 2147483647;
			files = (
			);
			runOnlyForDeploymentPostprocessing = 0;
		};
/* End PBXResourcesBuildPhase section */

/* Begin PBXSourcesBuildPhase section */
		4BA6E3D62377112000802B01 /* Sources */ = {
			isa = PBXSourcesBuildPhase;
			buildActionMask = 2147483647;
			files = (
				4BA6E3DE2377112000802B01 /* AppDelegate.swift in Sources */,
				4BA6E40E2378E54B00802B01 /* ConversionViewController.swift in Sources */,
				4BA6E3E02377112000802B01 /* SceneDelegate.swift in Sources */,
				4BD4EC002387488200A1BAD5 /* MapViewController.swift in Sources */,
			);
			runOnlyForDeploymentPostprocessing = 0;
		};
		4BA6E3EC2377112100802B01 /* Sources */ = {
			isa = PBXSourcesBuildPhase;
			buildActionMask = 2147483647;
			files = (
				4BA6E3F52377112100802B01 /* WorldTrotterTests.swift in Sources */,
			);
			runOnlyForDeploymentPostprocessing = 0;
		};
		4BA6E3F72377112100802B01 /* Sources */ = {
			isa = PBXSourcesBuildPhase;
			buildActionMask = 2147483647;
			files = (
				4BA6E4002377112100802B01 /* WorldTrotterUITests.swift in Sources */,
			);
			runOnlyForDeploymentPostprocessing = 0;
		};
/* End PBXSourcesBuildPhase section */

/* Begin PBXTargetDependency section */
		4BA6E3F22377112100802B01 /* PBXTargetDependency */ = {
			isa = PBXTargetDependency;
			target = 4BA6E3D92377112000802B01 /* WorldTrotter */;
			targetProxy = 4BA6E3F12377112100802B01 /* PBXContainerItemProxy */;
		};
		4BA6E3FD2377112100802B01 /* PBXTargetDependency */ = {
			isa = PBXTargetDependency;
			target = 4BA6E3D92377112000802B01 /* WorldTrotter */;
			targetProxy = 4BA6E3FC2377112100802B01 /* PBXContainerItemProxy */;
		};
/* End PBXTargetDependency section */

/* Begin PBXVariantGroup section */
		4BA6E3E32377112000802B01 /* Main.storyboard */ = {
			isa = PBXVariantGroup;
			children = (
				4BA6E3E42377112000802B01 /* Base */,
				07D095072388840500496137 /* en */,
				07D095082388849600496137 /* es */,
			);
			name = Main.storyboard;
			sourceTree = "<group>";
		};
		4BA6E3E82377112100802B01 /* LaunchScreen.storyboard */ = {
			isa = PBXVariantGroup;
			children = (
				4BA6E3E92377112100802B01 /* Base */,
			);
			name = LaunchScreen.storyboard;
			sourceTree = "<group>";
		};
/* End PBXVariantGroup section */

/* Begin XCBuildConfiguration section */
		4BA6E4022377112100802B01 /* Debug */ = {
			isa = XCBuildConfiguration;
			buildSettings = {
				ALWAYS_SEARCH_USER_PATHS = NO;
				CLANG_ANALYZER_LOCALIZABILITY_NONLOCALIZED = YES;
				CLANG_ANALYZER_NONNULL = YES;
				CLANG_ANALYZER_NUMBER_OBJECT_CONVERSION = YES_AGGRESSIVE;
				CLANG_CXX_LANGUAGE_STANDARD = "gnu++14";
				CLANG_CXX_LIBRARY = "libc++";
				CLANG_ENABLE_MODULES = YES;
				CLANG_ENABLE_OBJC_ARC = YES;
				CLANG_ENABLE_OBJC_WEAK = YES;
				CLANG_WARN_BLOCK_CAPTURE_AUTORELEASING = YES;
				CLANG_WARN_BOOL_CONVERSION = YES;
				CLANG_WARN_COMMA = YES;
				CLANG_WARN_CONSTANT_CONVERSION = YES;
				CLANG_WARN_DEPRECATED_OBJC_IMPLEMENTATIONS = YES;
				CLANG_WARN_DIRECT_OBJC_ISA_USAGE = YES_ERROR;
				CLANG_WARN_DOCUMENTATION_COMMENTS = YES;
				CLANG_WARN_EMPTY_BODY = YES;
				CLANG_WARN_ENUM_CONVERSION = YES;
				CLANG_WARN_INFINITE_RECURSION = YES;
				CLANG_WARN_INT_CONVERSION = YES;
				CLANG_WARN_NON_LITERAL_NULL_CONVERSION = YES;
				CLANG_WARN_OBJC_IMPLICIT_RETAIN_SELF = YES;
				CLANG_WARN_OBJC_LITERAL_CONVERSION = YES;
				CLANG_WARN_OBJC_ROOT_CLASS = YES_ERROR;
				CLANG_WARN_RANGE_LOOP_ANALYSIS = YES;
				CLANG_WARN_STRICT_PROTOTYPES = YES;
				CLANG_WARN_SUSPICIOUS_MOVE = YES;
				CLANG_WARN_UNGUARDED_AVAILABILITY = YES_AGGRESSIVE;
				CLANG_WARN_UNREACHABLE_CODE = YES;
				CLANG_WARN__DUPLICATE_METHOD_MATCH = YES;
				COPY_PHASE_STRIP = NO;
				DEBUG_INFORMATION_FORMAT = dwarf;
				ENABLE_STRICT_OBJC_MSGSEND = YES;
				ENABLE_TESTABILITY = YES;
				GCC_C_LANGUAGE_STANDARD = gnu11;
				GCC_DYNAMIC_NO_PIC = NO;
				GCC_NO_COMMON_BLOCKS = YES;
				GCC_OPTIMIZATION_LEVEL = 0;
				GCC_PREPROCESSOR_DEFINITIONS = (
					"DEBUG=1",
					"$(inherited)",
				);
				GCC_WARN_64_TO_32_BIT_CONVERSION = YES;
				GCC_WARN_ABOUT_RETURN_TYPE = YES_ERROR;
				GCC_WARN_UNDECLARED_SELECTOR = YES;
				GCC_WARN_UNINITIALIZED_AUTOS = YES_AGGRESSIVE;
				GCC_WARN_UNUSED_FUNCTION = YES;
				GCC_WARN_UNUSED_VARIABLE = YES;
				IPHONEOS_DEPLOYMENT_TARGET = 13.1;
				MTL_ENABLE_DEBUG_INFO = INCLUDE_SOURCE;
				MTL_FAST_MATH = YES;
				ONLY_ACTIVE_ARCH = YES;
				SDKROOT = iphoneos;
				SWIFT_ACTIVE_COMPILATION_CONDITIONS = DEBUG;
				SWIFT_OPTIMIZATION_LEVEL = "-Onone";
			};
			name = Debug;
		};
		4BA6E4032377112100802B01 /* Release */ = {
			isa = XCBuildConfiguration;
			buildSettings = {
				ALWAYS_SEARCH_USER_PATHS = NO;
				CLANG_ANALYZER_LOCALIZABILITY_NONLOCALIZED = YES;
				CLANG_ANALYZER_NONNULL = YES;
				CLANG_ANALYZER_NUMBER_OBJECT_CONVERSION = YES_AGGRESSIVE;
				CLANG_CXX_LANGUAGE_STANDARD = "gnu++14";
				CLANG_CXX_LIBRARY = "libc++";
				CLANG_ENABLE_MODULES = YES;
				CLANG_ENABLE_OBJC_ARC = YES;
				CLANG_ENABLE_OBJC_WEAK = YES;
				CLANG_WARN_BLOCK_CAPTURE_AUTORELEASING = YES;
				CLANG_WARN_BOOL_CONVERSION = YES;
				CLANG_WARN_COMMA = YES;
				CLANG_WARN_CONSTANT_CONVERSION = YES;
				CLANG_WARN_DEPRECATED_OBJC_IMPLEMENTATIONS = YES;
				CLANG_WARN_DIRECT_OBJC_ISA_USAGE = YES_ERROR;
				CLANG_WARN_DOCUMENTATION_COMMENTS = YES;
				CLANG_WARN_EMPTY_BODY = YES;
				CLANG_WARN_ENUM_CONVERSION = YES;
				CLANG_WARN_INFINITE_RECURSION = YES;
				CLANG_WARN_INT_CONVERSION = YES;
				CLANG_WARN_NON_LITERAL_NULL_CONVERSION = YES;
				CLANG_WARN_OBJC_IMPLICIT_RETAIN_SELF = YES;
				CLANG_WARN_OBJC_LITERAL_CONVERSION = YES;
				CLANG_WARN_OBJC_ROOT_CLASS = YES_ERROR;
				CLANG_WARN_RANGE_LOOP_ANALYSIS = YES;
				CLANG_WARN_STRICT_PROTOTYPES = YES;
				CLANG_WARN_SUSPICIOUS_MOVE = YES;
				CLANG_WARN_UNGUARDED_AVAILABILITY = YES_AGGRESSIVE;
				CLANG_WARN_UNREACHABLE_CODE = YES;
				CLANG_WARN__DUPLICATE_METHOD_MATCH = YES;
				COPY_PHASE_STRIP = NO;
				DEBUG_INFORMATION_FORMAT = "dwarf-with-dsym";
				ENABLE_NS_ASSERTIONS = NO;
				ENABLE_STRICT_OBJC_MSGSEND = YES;
				GCC_C_LANGUAGE_STANDARD = gnu11;
				GCC_NO_COMMON_BLOCKS = YES;
				GCC_WARN_64_TO_32_BIT_CONVERSION = YES;
				GCC_WARN_ABOUT_RETURN_TYPE = YES_ERROR;
				GCC_WARN_UNDECLARED_SELECTOR = YES;
				GCC_WARN_UNINITIALIZED_AUTOS = YES_AGGRESSIVE;
				GCC_WARN_UNUSED_FUNCTION = YES;
				GCC_WARN_UNUSED_VARIABLE = YES;
				IPHONEOS_DEPLOYMENT_TARGET = 13.1;
				MTL_ENABLE_DEBUG_INFO = NO;
				MTL_FAST_MATH = YES;
				SDKROOT = iphoneos;
				SWIFT_COMPILATION_MODE = wholemodule;
				SWIFT_OPTIMIZATION_LEVEL = "-O";
				VALIDATE_PRODUCT = YES;
			};
			name = Release;
		};
		4BA6E4052377112100802B01 /* Debug */ = {
			isa = XCBuildConfiguration;
			buildSettings = {
				ASSETCATALOG_COMPILER_APPICON_NAME = AppIcon;
				CODE_SIGN_STYLE = Automatic;
				INFOPLIST_FILE = WorldTrotter/Info.plist;
				LD_RUNPATH_SEARCH_PATHS = (
					"$(inherited)",
					"@executable_path/Frameworks",
				);
				PRODUCT_BUNDLE_IDENTIFIER = com.makingdevs.WorldTrotter;
				PRODUCT_NAME = "$(TARGET_NAME)";
				SWIFT_VERSION = 5.0;
				TARGETED_DEVICE_FAMILY = "1,2";
			};
			name = Debug;
		};
		4BA6E4062377112100802B01 /* Release */ = {
			isa = XCBuildConfiguration;
			buildSettings = {
				ASSETCATALOG_COMPILER_APPICON_NAME = AppIcon;
				CODE_SIGN_STYLE = Automatic;
				INFOPLIST_FILE = WorldTrotter/Info.plist;
				LD_RUNPATH_SEARCH_PATHS = (
					"$(inherited)",
					"@executable_path/Frameworks",
				);
				PRODUCT_BUNDLE_IDENTIFIER = com.makingdevs.WorldTrotter;
				PRODUCT_NAME = "$(TARGET_NAME)";
				SWIFT_VERSION = 5.0;
				TARGETED_DEVICE_FAMILY = "1,2";
			};
			name = Release;
		};
		4BA6E4082377112100802B01 /* Debug */ = {
			isa = XCBuildConfiguration;
			buildSettings = {
				ALWAYS_EMBED_SWIFT_STANDARD_LIBRARIES = YES;
				BUNDLE_LOADER = "$(TEST_HOST)";
				CODE_SIGN_STYLE = Automatic;
				INFOPLIST_FILE = WorldTrotterTests/Info.plist;
				IPHONEOS_DEPLOYMENT_TARGET = 13.1;
				LD_RUNPATH_SEARCH_PATHS = (
					"$(inherited)",
					"@executable_path/Frameworks",
					"@loader_path/Frameworks",
				);
				PRODUCT_BUNDLE_IDENTIFIER = com.makingdevs.WorldTrotterTests;
				PRODUCT_NAME = "$(TARGET_NAME)";
				SWIFT_VERSION = 5.0;
				TARGETED_DEVICE_FAMILY = "1,2";
				TEST_HOST = "$(BUILT_PRODUCTS_DIR)/WorldTrotter.app/WorldTrotter";
			};
			name = Debug;
		};
		4BA6E4092377112100802B01 /* Release */ = {
			isa = XCBuildConfiguration;
			buildSettings = {
				ALWAYS_EMBED_SWIFT_STANDARD_LIBRARIES = YES;
				BUNDLE_LOADER = "$(TEST_HOST)";
				CODE_SIGN_STYLE = Automatic;
				INFOPLIST_FILE = WorldTrotterTests/Info.plist;
				IPHONEOS_DEPLOYMENT_TARGET = 13.1;
				LD_RUNPATH_SEARCH_PATHS = (
					"$(inherited)",
					"@executable_path/Frameworks",
					"@loader_path/Frameworks",
				);
				PRODUCT_BUNDLE_IDENTIFIER = com.makingdevs.WorldTrotterTests;
				PRODUCT_NAME = "$(TARGET_NAME)";
				SWIFT_VERSION = 5.0;
				TARGETED_DEVICE_FAMILY = "1,2";
				TEST_HOST = "$(BUILT_PRODUCTS_DIR)/WorldTrotter.app/WorldTrotter";
			};
			name = Release;
		};
		4BA6E40B2377112100802B01 /* Debug */ = {
			isa = XCBuildConfiguration;
			buildSettings = {
				ALWAYS_EMBED_SWIFT_STANDARD_LIBRARIES = YES;
				CODE_SIGN_STYLE = Automatic;
				INFOPLIST_FILE = WorldTrotterUITests/Info.plist;
				LD_RUNPATH_SEARCH_PATHS = (
					"$(inherited)",
					"@executable_path/Frameworks",
					"@loader_path/Frameworks",
				);
				PRODUCT_BUNDLE_IDENTIFIER = com.makingdevs.WorldTrotterUITests;
				PRODUCT_NAME = "$(TARGET_NAME)";
				SWIFT_VERSION = 5.0;
				TARGETED_DEVICE_FAMILY = "1,2";
				TEST_TARGET_NAME = WorldTrotter;
			};
			name = Debug;
		};
		4BA6E40C2377112100802B01 /* Release */ = {
			isa = XCBuildConfiguration;
			buildSettings = {
				ALWAYS_EMBED_SWIFT_STANDARD_LIBRARIES = YES;
				CODE_SIGN_STYLE = Automatic;
				INFOPLIST_FILE = WorldTrotterUITests/Info.plist;
				LD_RUNPATH_SEARCH_PATHS = (
					"$(inherited)",
					"@executable_path/Frameworks",
					"@loader_path/Frameworks",
				);
				PRODUCT_BUNDLE_IDENTIFIER = com.makingdevs.WorldTrotterUITests;
				PRODUCT_NAME = "$(TARGET_NAME)";
				SWIFT_VERSION = 5.0;
				TARGETED_DEVICE_FAMILY = "1,2";
				TEST_TARGET_NAME = WorldTrotter;
			};
			name = Release;
		};
/* End XCBuildConfiguration section */

/* Begin XCConfigurationList section */
		4BA6E3D52377112000802B01 /* Build configuration list for PBXProject "WorldTrotter" */ = {
			isa = XCConfigurationList;
			buildConfigurations = (
				4BA6E4022377112100802B01 /* Debug */,
				4BA6E4032377112100802B01 /* Release */,
			);
			defaultConfigurationIsVisible = 0;
			defaultConfigurationName = Release;
		};
		4BA6E4042377112100802B01 /* Build configuration list for PBXNativeTarget "WorldTrotter" */ = {
			isa = XCConfigurationList;
			buildConfigurations = (
				4BA6E4052377112100802B01 /* Debug */,
				4BA6E4062377112100802B01 /* Release */,
			);
			defaultConfigurationIsVisible = 0;
			defaultConfigurationName = Release;
		};
		4BA6E4072377112100802B01 /* Build configuration list for PBXNativeTarget "WorldTrotterTests" */ = {
			isa = XCConfigurationList;
			buildConfigurations = (
				4BA6E4082377112100802B01 /* Debug */,
				4BA6E4092377112100802B01 /* Release */,
			);
			defaultConfigurationIsVisible = 0;
			defaultConfigurationName = Release;
		};
		4BA6E40A2377112100802B01 /* Build configuration list for PBXNativeTarget "WorldTrotterUITests" */ = {
			isa = XCConfigurationList;
			buildConfigurations = (
				4BA6E40B2377112100802B01 /* Debug */,
				4BA6E40C2377112100802B01 /* Release */,
			);
			defaultConfigurationIsVisible = 0;
			defaultConfigurationName = Release;
		};
/* End XCConfigurationList section */
	};
	rootObject = 4BA6E3D22377112000802B01 /* Project object */;
}
